
Microsoft Visual Studio Solution File, Format Version 12.00
# Visual Studio 15
VisualStudioVersion = 15.0.28307.329
MinimumVisualStudioVersion = 10.0.40219.1
Project("{888888A0-9F3D-457C-B088-3A5042F75D52}") = "Qlearing", "Qlearing\Qlearing.pyproj", "{0443950E-8B8A-4A18-8835-76C33AD017BD}"
EndProject
Global
	GlobalSection(SolutionConfigurationPlatforms) = preSolution
		Debug|Any CPU = Debug|Any CPU
		Release|Any CPU = Release|Any CPU
	EndGlobalSection
	GlobalSection(ProjectConfigurationPlatforms) = postSolution
		{0443950E-8B8A-4A18-8835-76C33AD017BD}.Debug|Any CPU.ActiveCfg = Debug|Any CPU
		{0443950E-8B8A-4A18-8835-76C33AD017BD}.Release|Any CPU.ActiveCfg = Release|Any CPU
	EndGlobalSection
	GlobalSection(SolutionProperties) = preSolution
		HideSolutionNode = FALSE
	EndGlobalSection
	GlobalSection(ExtensibilityGlobals) = postSolution
		SolutionGuid = {3C496ABB-5FF7-4B0A-8DE8-00BC94E93988}
	EndGlobalSection
EndGlobal
